// !$*UTF8*$!
{
	archiveVersion = 1;
	classes = {
	};
	objectVersion = 77;
	objects = {

/* Begin PBXContainerItemProxy section */
		FE78CE8E2CE94BE400DB022B /* PBXContainerItemProxy */ = {
			isa = PBXContainerItemProxy;
			containerPortal = FE78CE752CE94BE300DB022B /* Project object */;
			proxyType = 1;
			remoteGlobalIDString = FE78CE7C2CE94BE300DB022B;
			remoteInfo = FronTIER;
		};
		FE78CE982CE94BE400DB022B /* PBXContainerItemProxy */ = {
			isa = PBXContainerItemProxy;
			containerPortal = FE78CE752CE94BE300DB022B /* Project object */;
			proxyType = 1;
			remoteGlobalIDString = FE78CE7C2CE94BE300DB022B;
			remoteInfo = FronTIER;
		};
/* End PBXContainerItemProxy section */

/* Begin PBXFileReference section */
		FE78CE7D2CE94BE300DB022B /* FronTIER.app */ = {isa = PBXFileReference; explicitFileType = wrapper.application; includeInIndex = 0; path = FronTIER.app; sourceTree = BUILT_PRODUCTS_DIR; };
		FE78CE8D2CE94BE400DB022B /* FronTIERTests.xctest */ = {isa = PBXFileReference; explicitFileType = wrapper.cfbundle; includeInIndex = 0; path = FronTIERTests.xctest; sourceTree = BUILT_PRODUCTS_DIR; };
		FE78CE972CE94BE400DB022B /* FronTIERUITests.xctest */ = {isa = PBXFileReference; explicitFileType = wrapper.cfbundle; includeInIndex = 0; path = FronTIERUITests.xctest; sourceTree = BUILT_PRODUCTS_DIR; };
/* End PBXFileReference section */

/* Begin PBXFileSystemSynchronizedRootGroup section */
		FE78CE7F2CE94BE300DB022B /* FronTIER */ = {
			isa = PBXFileSystemSynchronizedRootGroup;
			path = FronTIER;
			sourceTree = "<group>";
		};
		FE78CE902CE94BE400DB022B /* FronTIERTests */ = {
			isa = PBXFileSystemSynchronizedRootGroup;
			path = FronTIERTests;
			sourceTree = "<group>";
		};
		FE78CE9A2CE94BE400DB022B /* FronTIERUITests */ = {
			isa = PBXFileSystemSynchronizedRootGroup;
			path = FronTIERUITests;
			sourceTree = "<group>";
		};
/* End PBXFileSystemSynchronizedRootGroup section */

/* Begin PBXFrameworksBuildPhase section */
		FE78CE7A2CE94BE300DB022B /* Frameworks */ = {
			isa = PBXFrameworksBuildPhase;
			buildActionMask = 2147483647;
			files = (
			);
			runOnlyForDeploymentPostprocessing = 0;
		};
		FE78CE8A2CE94BE400DB022B /* Frameworks */ = {
			isa = PBXFrameworksBuildPhase;
			buildActionMask = 2147483647;
			files = (
			);
			runOnlyForDeploymentPostprocessing = 0;
		};
		FE78CE942CE94BE400DB022B /* Frameworks */ = {
			isa = PBXFrameworksBuildPhase;
			buildActionMask = 2147483647;
			files = (
			);
			runOnlyForDeploymentPostprocessing = 0;
		};
/* End PBXFrameworksBuildPhase section */

/* Begin PBXGroup section */
		FE78CE742CE94BE300DB022B = {
			isa = PBXGroup;
			children = (
				FE78CE7F2CE94BE300DB022B /* FronTIER */,
				FE78CE902CE94BE400DB022B /* FronTIERTests */,
				FE78CE9A2CE94BE400DB022B /* FronTIERUITests */,
				FE78CE7E2CE94BE300DB022B /* Products */,
			);
			sourceTree = "<group>";
		};
		FE78CE7E2CE94BE300DB022B /* Products */ = {
			isa = PBXGroup;
			children = (
				FE78CE7D2CE94BE300DB022B /* FronTIER.app */,
				FE78CE8D2CE94BE400DB022B /* FronTIERTests.xctest */,
				FE78CE972CE94BE400DB022B /* FronTIERUITests.xctest */,
			);
			name = Products;
			sourceTree = "<group>";
		};
/* End PBXGroup section */

/* Begin PBXNativeTarget section */
		FE78CE7C2CE94BE300DB022B /* FronTIER */ = {
			isa = PBXNativeTarget;
			buildConfigurationList = FE78CEA12CE94BE400DB022B /* Build configuration list for PBXNativeTarget "FronTIER" */;
			buildPhases = (
				FE78CE792CE94BE300DB022B /* Sources */,
				FE78CE7A2CE94BE300DB022B /* Frameworks */,
				FE78CE7B2CE94BE300DB022B /* Resources */,
			);
			buildRules = (
			);
			dependencies = (
			);
			fileSystemSynchronizedGroups = (
				FE78CE7F2CE94BE300DB022B /* FronTIER */,
			);
			name = FronTIER;
			packageProductDependencies = (
			);
			productName = FronTIER;
			productReference = FE78CE7D2CE94BE300DB022B /* FronTIER.app */;
			productType = "com.apple.product-type.application";
		};
		FE78CE8C2CE94BE400DB022B /* FronTIERTests */ = {
			isa = PBXNativeTarget;
			buildConfigurationList = FE78CEA42CE94BE400DB022B /* Build configuration list for PBXNativeTarget "FronTIERTests" */;
			buildPhases = (
				FE78CE892CE94BE400DB022B /* Sources */,
				FE78CE8A2CE94BE400DB022B /* Frameworks */,
				FE78CE8B2CE94BE400DB022B /* Resources */,
			);
			buildRules = (
			);
			dependencies = (
				FE78CE8F2CE94BE400DB022B /* PBXTargetDependency */,
			);
			fileSystemSynchronizedGroups = (
				FE78CE902CE94BE400DB022B /* FronTIERTests */,
			);
			name = FronTIERTests;
			packageProductDependencies = (
			);
			productName = FronTIERTests;
			productReference = FE78CE8D2CE94BE400DB022B /* FronTIERTests.xctest */;
			productType = "com.apple.product-type.bundle.unit-test";
		};
		FE78CE962CE94BE400DB022B /* FronTIERUITests */ = {
			isa = PBXNativeTarget;
			buildConfigurationList = FE78CEA72CE94BE400DB022B /* Build configuration list for PBXNativeTarget "FronTIERUITests" */;
			buildPhases = (
				FE78CE932CE94BE400DB022B /* Sources */,
				FE78CE942CE94BE400DB022B /* Frameworks */,
				FE78CE952CE94BE400DB022B /* Resources */,
			);
			buildRules = (
			);
			dependencies = (
				FE78CE992CE94BE400DB022B /* PBXTargetDependency */,
			);
			fileSystemSynchronizedGroups = (
				FE78CE9A2CE94BE400DB022B /* FronTIERUITests */,
			);
			name = FronTIERUITests;
			packageProductDependencies = (
			);
			productName = FronTIERUITests;
			productReference = FE78CE972CE94BE400DB022B /* FronTIERUITests.xctest */;
			productType = "com.apple.product-type.bundle.ui-testing";
		};
/* End PBXNativeTarget section */

/* Begin PBXProject section */
		FE78CE752CE94BE300DB022B /* Project object */ = {
			isa = PBXProject;
			attributes = {
				BuildIndependentTargetsInParallel = 1;
				LastSwiftUpdateCheck = 1610;
				LastUpgradeCheck = 1610;
				TargetAttributes = {
					FE78CE7C2CE94BE300DB022B = {
						CreatedOnToolsVersion = 16.1;
					};
					FE78CE8C2CE94BE400DB022B = {
						CreatedOnToolsVersion = 16.1;
						TestTargetID = FE78CE7C2CE94BE300DB022B;
					};
					FE78CE962CE94BE400DB022B = {
						CreatedOnToolsVersion = 16.1;
						TestTargetID = FE78CE7C2CE94BE300DB022B;
					};
				};
			};
			buildConfigurationList = FE78CE782CE94BE300DB022B /* Build configuration list for PBXProject "FronTIER" */;
			developmentRegion = en;
			hasScannedForEncodings = 0;
			knownRegions = (
				en,
				Base,
			);
			mainGroup = FE78CE742CE94BE300DB022B;
			minimizedProjectReferenceProxies = 1;
			preferredProjectObjectVersion = 77;
			productRefGroup = FE78CE7E2CE94BE300DB022B /* Products */;
			projectDirPath = "";
			projectRoot = "";
			targets = (
				FE78CE7C2CE94BE300DB022B /* FronTIER */,
				FE78CE8C2CE94BE400DB022B /* FronTIERTests */,
				FE78CE962CE94BE400DB022B /* FronTIERUITests */,
			);
		};
/* End PBXProject section */

/* Begin PBXResourcesBuildPhase section */
		FE78CE7B2CE94BE300DB022B /* Resources */ = {
			isa = PBXResourcesBuildPhase;
			buildActionMask = 2147483647;
			files = (
			);
			runOnlyForDeploymentPostprocessing = 0;
		};
		FE78CE8B2CE94BE400DB022B /* Resources */ = {
			isa = PBXResourcesBuildPhase;
			buildActionMask = 2147483647;
			files = (
			);
			runOnlyForDeploymentPostprocessing = 0;
		};
		FE78CE952CE94BE400DB022B /* Resources */ = {
			isa = PBXResourcesBuildPhase;
			buildActionMask = 2147483647;
			files = (
			);
			runOnlyForDeploymentPostprocessing = 0;
		};
/* End PBXResourcesBuildPhase section */

/* Begin PBXSourcesBuildPhase section */
		FE78CE792CE94BE300DB022B /* Sources */ = {
			isa = PBXSourcesBuildPhase;
			buildActionMask = 2147483647;
			files = (
			);
			runOnlyForDeploymentPostprocessing = 0;
		};
		FE78CE892CE94BE400DB022B /* Sources */ = {
			isa = PBXSourcesBuildPhase;
			buildActionMask = 2147483647;
			files = (
			);
			runOnlyForDeploymentPostprocessing = 0;
		};
		FE78CE932CE94BE400DB022B /* Sources */ = {
			isa = PBXSourcesBuildPhase;
			buildActionMask = 2147483647;
			files = (
			);
			runOnlyForDeploymentPostprocessing = 0;
		};
/* End PBXSourcesBuildPhase section */

/* Begin PBXTargetDependency section */
		FE78CE8F2CE94BE400DB022B /* PBXTargetDependency */ = {
			isa = PBXTargetDependency;
			target = FE78CE7C2CE94BE300DB022B /* FronTIER */;
			targetProxy = FE78CE8E2CE94BE400DB022B /* PBXContainerItemProxy */;
		};
		FE78CE992CE94BE400DB022B /* PBXTargetDependency */ = {
			isa = PBXTargetDependency;
			target = FE78CE7C2CE94BE300DB022B /* FronTIER */;
			targetProxy = FE78CE982CE94BE400DB022B /* PBXContainerItemProxy */;
		};
/* End PBXTargetDependency section */

/* Begin XCBuildConfiguration section */
		FE78CE9F2CE94BE400DB022B /* Debug */ = {
			isa = XCBuildConfiguration;
			buildSettings = {
				ALWAYS_SEARCH_USER_PATHS = NO;
				ASSETCATALOG_COMPILER_GENERATE_SWIFT_ASSET_SYMBOL_EXTENSIONS = YES;
				CLANG_ANALYZER_NONNULL = YES;
				CLANG_ANALYZER_NUMBER_OBJECT_CONVERSION = YES_AGGRESSIVE;
				CLANG_CXX_LANGUAGE_STANDARD = "gnu++20";
				CLANG_ENABLE_MODULES = YES;
				CLANG_ENABLE_OBJC_ARC = YES;
				CLANG_ENABLE_OBJC_WEAK = YES;
				CLANG_WARN_BLOCK_CAPTURE_AUTORELEASING = YES;
				CLANG_WARN_BOOL_CONVERSION = YES;
				CLANG_WARN_COMMA = YES;
				CLANG_WARN_CONSTANT_CONVERSION = YES;
				CLANG_WARN_DEPRECATED_OBJC_IMPLEMENTATIONS = YES;
				CLANG_WARN_DIRECT_OBJC_ISA_USAGE = YES_ERROR;
				CLANG_WARN_DOCUMENTATION_COMMENTS = YES;
				CLANG_WARN_EMPTY_BODY = YES;
				CLANG_WARN_ENUM_CONVERSION = YES;
				CLANG_WARN_INFINITE_RECURSION = YES;
				CLANG_WARN_INT_CONVERSION = YES;
				CLANG_WARN_NON_LITERAL_NULL_CONVERSION = YES;
				CLANG_WARN_OBJC_IMPLICIT_RETAIN_SELF = YES;
				CLANG_WARN_OBJC_LITERAL_CONVERSION = YES;
				CLANG_WARN_OBJC_ROOT_CLASS = YES_ERROR;
				CLANG_WARN_QUOTED_INCLUDE_IN_FRAMEWORK_HEADER = YES;
				CLANG_WARN_RANGE_LOOP_ANALYSIS = YES;
				CLANG_WARN_STRICT_PROTOTYPES = YES;
				CLANG_WARN_SUSPICIOUS_MOVE = YES;
				CLANG_WARN_UNGUARDED_AVAILABILITY = YES_AGGRESSIVE;
				CLANG_WARN_UNREACHABLE_CODE = YES;
				CLANG_WARN__DUPLICATE_METHOD_MATCH = YES;
				COPY_PHASE_STRIP = NO;
				DEBUG_INFORMATION_FORMAT = dwarf;
				ENABLE_STRICT_OBJC_MSGSEND = YES;
				ENABLE_TESTABILITY = YES;
				ENABLE_USER_SCRIPT_SANDBOXING = YES;
				GCC_C_LANGUAGE_STANDARD = gnu17;
				GCC_DYNAMIC_NO_PIC = NO;
				GCC_NO_COMMON_BLOCKS = YES;
				GCC_OPTIMIZATION_LEVEL = 0;
				GCC_PREPROCESSOR_DEFINITIONS = (
					"DEBUG=1",
					"$(inherited)",
				);
				GCC_WARN_64_TO_32_BIT_CONVERSION = YES;
				GCC_WARN_ABOUT_RETURN_TYPE = YES_ERROR;
				GCC_WARN_UNDECLARED_SELECTOR = YES;
				GCC_WARN_UNINITIALIZED_AUTOS = YES_AGGRESSIVE;
				GCC_WARN_UNUSED_FUNCTION = YES;
				GCC_WARN_UNUSED_VARIABLE = YES;
				IPHONEOS_DEPLOYMENT_TARGET = 18.1;
				LOCALIZATION_PREFERS_STRING_CATALOGS = YES;
				MTL_ENABLE_DEBUG_INFO = INCLUDE_SOURCE;
				MTL_FAST_MATH = YES;
				ONLY_ACTIVE_ARCH = YES;
				SDKROOT = iphoneos;
				SWIFT_ACTIVE_COMPILATION_CONDITIONS = "DEBUG $(inherited)";
				SWIFT_OPTIMIZATION_LEVEL = "-Onone";
			};
			name = Debug;
		};
		FE78CEA02CE94BE400DB022B /* Release */ = {
			isa = XCBuildConfiguration;
			buildSettings = {
				ALWAYS_SEARCH_USER_PATHS = NO;
				ASSETCATALOG_COMPILER_GENERATE_SWIFT_ASSET_SYMBOL_EXTENSIONS = YES;
				CLANG_ANALYZER_NONNULL = YES;
				CLANG_ANALYZER_NUMBER_OBJECT_CONVERSION = YES_AGGRESSIVE;
				CLANG_CXX_LANGUAGE_STANDARD = "gnu++20";
				CLANG_ENABLE_MODULES = YES;
				CLANG_ENABLE_OBJC_ARC = YES;
				CLANG_ENABLE_OBJC_WEAK = YES;
				CLANG_WARN_BLOCK_CAPTURE_AUTORELEASING = YES;
				CLANG_WARN_BOOL_CONVERSION = YES;
				CLANG_WARN_COMMA = YES;
				CLANG_WARN_CONSTANT_CONVERSION = YES;
				CLANG_WARN_DEPRECATED_OBJC_IMPLEMENTATIONS = YES;
				CLANG_WARN_DIRECT_OBJC_ISA_USAGE = YES_ERROR;
				CLANG_WARN_DOCUMENTATION_COMMENTS = YES;
				CLANG_WARN_EMPTY_BODY = YES;
				CLANG_WARN_ENUM_CONVERSION = YES;
				CLANG_WARN_INFINITE_RECURSION = YES;
				CLANG_WARN_INT_CONVERSION = YES;
				CLANG_WARN_NON_LITERAL_NULL_CONVERSION = YES;
				CLANG_WARN_OBJC_IMPLICIT_RETAIN_SELF = YES;
				CLANG_WARN_OBJC_LITERAL_CONVERSION = YES;
				CLANG_WARN_OBJC_ROOT_CLASS = YES_ERROR;
				CLANG_WARN_QUOTED_INCLUDE_IN_FRAMEWORK_HEADER = YES;
				CLANG_WARN_RANGE_LOOP_ANALYSIS = YES;
				CLANG_WARN_STRICT_PROTOTYPES = YES;
				CLANG_WARN_SUSPICIOUS_MOVE = YES;
				CLANG_WARN_UNGUARDED_AVAILABILITY = YES_AGGRESSIVE;
				CLANG_WARN_UNREACHABLE_CODE = YES;
				CLANG_WARN__DUPLICATE_METHOD_MATCH = YES;
				COPY_PHASE_STRIP = NO;
				DEBUG_INFORMATION_FORMAT = "dwarf-with-dsym";
				ENABLE_NS_ASSERTIONS = NO;
				ENABLE_STRICT_OBJC_MSGSEND = YES;
				ENABLE_USER_SCRIPT_SANDBOXING = YES;
				GCC_C_LANGUAGE_STANDARD = gnu17;
				GCC_NO_COMMON_BLOCKS = YES;
				GCC_WARN_64_TO_32_BIT_CONVERSION = YES;
				GCC_WARN_ABOUT_RETURN_TYPE = YES_ERROR;
				GCC_WARN_UNDECLARED_SELECTOR = YES;
				GCC_WARN_UNINITIALIZED_AUTOS = YES_AGGRESSIVE;
				GCC_WARN_UNUSED_FUNCTION = YES;
				GCC_WARN_UNUSED_VARIABLE = YES;
				IPHONEOS_DEPLOYMENT_TARGET = 18.1;
				LOCALIZATION_PREFERS_STRING_CATALOGS = YES;
				MTL_ENABLE_DEBUG_INFO = NO;
				MTL_FAST_MATH = YES;
				SDKROOT = iphoneos;
				SWIFT_COMPILATION_MODE = wholemodule;
				VALIDATE_PRODUCT = YES;
			};
			name = Release;
		};
		FE78CEA22CE94BE400DB022B /* Debug */ = {
			isa = XCBuildConfiguration;
			buildSettings = {
				ASSETCATALOG_COMPILER_APPICON_NAME = AppIcon;
				ASSETCATALOG_COMPILER_GLOBAL_ACCENT_COLOR_NAME = AccentColor;
				CODE_SIGN_STYLE = Automatic;
				CURRENT_PROJECT_VERSION = 1;
				DEVELOPMENT_ASSET_PATHS = "\"FronTIER/Preview Content\"";
				DEVELOPMENT_TEAM = 36XN9T3726;
				ENABLE_PREVIEWS = YES;
				GENERATE_INFOPLIST_FILE = YES;
				INFOPLIST_KEY_NSCameraUsageDescription = "";
				INFOPLIST_KEY_UIApplicationSupportsIndirectInputEvents = YES;
				INFOPLIST_KEY_UILaunchScreen_Generation = YES;
				INFOPLIST_KEY_UIRequiredDeviceCapabilities = arkit;
				INFOPLIST_KEY_UIStatusBarHidden = YES;
				INFOPLIST_KEY_UISupportedInterfaceOrientations_iPad = "UIInterfaceOrientationPortrait UIInterfaceOrientationPortraitUpsideDown UIInterfaceOrientationLandscapeLeft UIInterfaceOrientationLandscapeRight";
				INFOPLIST_KEY_UISupportedInterfaceOrientations_iPhone = "UIInterfaceOrientationPortrait UIInterfaceOrientationLandscapeLeft UIInterfaceOrientationLandscapeRight";
				LD_RUNPATH_SEARCH_PATHS = (
					"$(inherited)",
					"@executable_path/Frameworks",
				);
				MARKETING_VERSION = 1.0;
				PRODUCT_BUNDLE_IDENTIFIER = jknadfksjdnf.FronTIER;
				PRODUCT_NAME = "$(TARGET_NAME)";
				SWIFT_EMIT_LOC_STRINGS = YES;
				SWIFT_VERSION = 5.0;
				TARGETED_DEVICE_FAMILY = "1,2";
			};
			name = Debug;
		};
		FE78CEA32CE94BE400DB022B /* Release */ = {
			isa = XCBuildConfiguration;
			buildSettings = {
				ASSETCATALOG_COMPILER_APPICON_NAME = AppIcon;
				ASSETCATALOG_COMPILER_GLOBAL_ACCENT_COLOR_NAME = AccentColor;
				CODE_SIGN_STYLE = Automatic;
				CURRENT_PROJECT_VERSION = 1;
				DEVELOPMENT_ASSET_PATHS = "\"FronTIER/Preview Content\"";
				DEVELOPMENT_TEAM = 36XN9T3726;
				ENABLE_PREVIEWS = YES;
				GENERATE_INFOPLIST_FILE = YES;
				INFOPLIST_KEY_NSCameraUsageDescription = "";
				INFOPLIST_KEY_UIApplicationSupportsIndirectInputEvents = YES;
				INFOPLIST_KEY_UILaunchScreen_Generation = YES;
				INFOPLIST_KEY_UIRequiredDeviceCapabilities = arkit;
				INFOPLIST_KEY_UIStatusBarHidden = YES;
				INFOPLIST_KEY_UISupportedInterfaceOrientations_iPad = "UIInterfaceOrientationPortrait UIInterfaceOrientationPortraitUpsideDown UIInterfaceOrientationLandscapeLeft UIInterfaceOrientationLandscapeRight";
				INFOPLIST_KEY_UISupportedInterfaceOrientations_iPhone = "UIInterfaceOrientationPortrait UIInterfaceOrientationLandscapeLeft UIInterfaceOrientationLandscapeRight";
				LD_RUNPATH_SEARCH_PATHS = (
					"$(inherited)",
					"@executable_path/Frameworks",
				);
				MARKETING_VERSION = 1.0;
				PRODUCT_BUNDLE_IDENTIFIER = jknadfksjdnf.FronTIER;
				PRODUCT_NAME = "$(TARGET_NAME)";
				SWIFT_EMIT_LOC_STRINGS = YES;
				SWIFT_VERSION = 5.0;
				TARGETED_DEVICE_FAMILY = "1,2";
			};
			name = Release;
		};
		FE78CEA52CE94BE400DB022B /* Debug */ = {
			isa = XCBuildConfiguration;
			buildSettings = {
				BUNDLE_LOADER = "$(TEST_HOST)";
				CODE_SIGN_STYLE = Automatic;
				CURRENT_PROJECT_VERSION = 1;
				DEVELOPMENT_TEAM = 36XN9T3726;
				GENERATE_INFOPLIST_FILE = YES;
				IPHONEOS_DEPLOYMENT_TARGET = 18.1;
				MARKETING_VERSION = 1.0;
				PRODUCT_BUNDLE_IDENTIFIER = jknadfksjdnf.FronTIERTests;
				PRODUCT_NAME = "$(TARGET_NAME)";
				SWIFT_EMIT_LOC_STRINGS = NO;
				SWIFT_VERSION = 5.0;
				TARGETED_DEVICE_FAMILY = "1,2";
				TEST_HOST = "$(BUILT_PRODUCTS_DIR)/FronTIER.app/$(BUNDLE_EXECUTABLE_FOLDER_PATH)/FronTIER";
			};
			name = Debug;
		};
		FE78CEA62CE94BE400DB022B /* Release */ = {
			isa = XCBuildConfiguration;
			buildSettings = {
				BUNDLE_LOADER = "$(TEST_HOST)";
				CODE_SIGN_STYLE = Automatic;
				CURRENT_PROJECT_VERSION = 1;
				DEVELOPMENT_TEAM = 36XN9T3726;
				GENERATE_INFOPLIST_FILE = YES;
				IPHONEOS_DEPLOYMENT_TARGET = 18.1;
				MARKETING_VERSION = 1.0;
				PRODUCT_BUNDLE_IDENTIFIER = jknadfksjdnf.FronTIERTests;
				PRODUCT_NAME = "$(TARGET_NAME)";
				SWIFT_EMIT_LOC_STRINGS = NO;
				SWIFT_VERSION = 5.0;
				TARGETED_DEVICE_FAMILY = "1,2";
				TEST_HOST = "$(BUILT_PRODUCTS_DIR)/FronTIER.app/$(BUNDLE_EXECUTABLE_FOLDER_PATH)/FronTIER";
			};
			name = Release;
		};
		FE78CEA82CE94BE400DB022B /* Debug */ = {
			isa = XCBuildConfiguration;
			buildSettings = {
				CODE_SIGN_STYLE = Automatic;
				CURRENT_PROJECT_VERSION = 1;
				DEVELOPMENT_TEAM = 36XN9T3726;
				GENERATE_INFOPLIST_FILE = YES;
				MARKETING_VERSION = 1.0;
				PRODUCT_BUNDLE_IDENTIFIER = jknadfksjdnf.FronTIERUITests;
				PRODUCT_NAME = "$(TARGET_NAME)";
				SWIFT_EMIT_LOC_STRINGS = NO;
				SWIFT_VERSION = 5.0;
				TARGETED_DEVICE_FAMILY = "1,2";
				TEST_TARGET_NAME = FronTIER;
			};
			name = Debug;
		};
		FE78CEA92CE94BE400DB022B /* Release */ = {
			isa = XCBuildConfiguration;
			buildSettings = {
				CODE_SIGN_STYLE = Automatic;
				CURRENT_PROJECT_VERSION = 1;
				DEVELOPMENT_TEAM = 36XN9T3726;
				GENERATE_INFOPLIST_FILE = YES;
				MARKETING_VERSION = 1.0;
				PRODUCT_BUNDLE_IDENTIFIER = jknadfksjdnf.FronTIERUITests;
				PRODUCT_NAME = "$(TARGET_NAME)";
				SWIFT_EMIT_LOC_STRINGS = NO;
				SWIFT_VERSION = 5.0;
				TARGETED_DEVICE_FAMILY = "1,2";
				TEST_TARGET_NAME = FronTIER;
			};
			name = Release;
		};
/* End XCBuildConfiguration section */

/* Begin XCConfigurationList section */
		FE78CE782CE94BE300DB022B /* Build configuration list for PBXProject "FronTIER" */ = {
			isa = XCConfigurationList;
			buildConfigurations = (
				FE78CE9F2CE94BE400DB022B /* Debug */,
				FE78CEA02CE94BE400DB022B /* Release */,
			);
			defaultConfigurationIsVisible = 0;
			defaultConfigurationName = Release;
		};
		FE78CEA12CE94BE400DB022B /* Build configuration list for PBXNativeTarget "FronTIER" */ = {
			isa = XCConfigurationList;
			buildConfigurations = (
				FE78CEA22CE94BE400DB022B /* Debug */,
				FE78CEA32CE94BE400DB022B /* Release */,
			);
			defaultConfigurationIsVisible = 0;
			defaultConfigurationName = Release;
		};
		FE78CEA42CE94BE400DB022B /* Build configuration list for PBXNativeTarget "FronTIERTests" */ = {
			isa = XCConfigurationList;
			buildConfigurations = (
				FE78CEA52CE94BE400DB022B /* Debug */,
				FE78CEA62CE94BE400DB022B /* Release */,
			);
			defaultConfigurationIsVisible = 0;
			defaultConfigurationName = Release;
		};
		FE78CEA72CE94BE400DB022B /* Build configuration list for PBXNativeTarget "FronTIERUITests" */ = {
			isa = XCConfigurationList;
			buildConfigurations = (
				FE78CEA82CE94BE400DB022B /* Debug */,
				FE78CEA92CE94BE400DB022B /* Release */,
			);
			defaultConfigurationIsVisible = 0;
			defaultConfigurationName = Release;
		};
/* End XCConfigurationList section */
	};
	rootObject = FE78CE752CE94BE300DB022B /* Project object */;
}
